{
  "name": "backpass",
  "version": "0.1.0",
  "lockfileVersion": 3,
  "requires": true,
  "packages": {
    "": {
      "name": "backpass",
      "version": "0.1.0",
      "license": "MIT",
      "bin": {
        "backpass": "bin/backpass.js"
      },
      "devDependencies": {},
      "engines": {
        "node": ">=22.5.0"
      }
    }
  }
}
